
Microsoft Visual Studio Solution File, Format Version 12.00
# Visual Studio Version 17
VisualStudioVersion = 17.12.35707.178 d17.12
MinimumVisualStudioVersion = 10.0.40219.1
Project("{FAE04EC0-301F-11D3-BF4B-00C04F79EFBC}") = "Notification", "Notification\Notification.csproj", "{B30BB738-B5DE-4FF4-942D-DE406104A5F6}"
	ProjectSection(ProjectDependencies) = postProject
		{30445A71-E3F4-4701-8EAD-9E24DEFA68E3} = {30445A71-E3F4-4701-8EAD-9E24DEFA68E3}
		{A14C3372-6802-4C3D-B907-27A47A07D4AF} = {A14C3372-6802-4C3D-B907-27A47A07D4AF}
		{E2DC622E-D743-432E-B499-28AF5B9DF0E9} = {E2DC622E-D743-432E-B499-28AF5B9DF0E9}
	EndProjectSection
EndProject
Project("{FAE04EC0-301F-11D3-BF4B-00C04F79EFBC}") = "Notification.Domain", "Notification.Domain\Notification.Domain.csproj", "{E2DC622E-D743-432E-B499-28AF5B9DF0E9}"
EndProject
Project("{FAE04EC0-301F-11D3-BF4B-00C04F79EFBC}") = "Notification.Infrastructure", "Notification.Infrastructure\Notification.Infrastructure.csproj", "{A14C3372-6802-4C3D-B907-27A47A07D4AF}"
	ProjectSection(ProjectDependencies) = postProject
		{E2DC622E-D743-432E-B499-28AF5B9DF0E9} = {E2DC622E-D743-432E-B499-28AF5B9DF0E9}
	EndProjectSection
EndProject
Project("{FAE04EC0-301F-11D3-BF4B-00C04F79EFBC}") = "Notification.Application", "Notification.Application\Notification.Application.csproj", "{30445A71-E3F4-4701-8EAD-9E24DEFA68E3}"
	ProjectSection(ProjectDependencies) = postProject
		{A14C3372-6802-4C3D-B907-27A47A07D4AF} = {A14C3372-6802-4C3D-B907-27A47A07D4AF}
		{E2DC622E-D743-432E-B499-28AF5B9DF0E9} = {E2DC622E-D743-432E-B499-28AF5B9DF0E9}
	EndProjectSection
EndProject
Global
	GlobalSection(SolutionConfigurationPlatforms) = preSolution
		Debug|Any CPU = Debug|Any CPU
		Release|Any CPU = Release|Any CPU
	EndGlobalSection
	GlobalSection(ProjectConfigurationPlatforms) = postSolution
		{B30BB738-B5DE-4FF4-942D-DE406104A5F6}.Debug|Any CPU.ActiveCfg = Debug|Any CPU
		{B30BB738-B5DE-4FF4-942D-DE406104A5F6}.Debug|Any CPU.Build.0 = Debug|Any CPU
		{B30BB738-B5DE-4FF4-942D-DE406104A5F6}.Release|Any CPU.ActiveCfg = Release|Any CPU
		{B30BB738-B5DE-4FF4-942D-DE406104A5F6}.Release|Any CPU.Build.0 = Release|Any CPU
		{E2DC622E-D743-432E-B499-28AF5B9DF0E9}.Debug|Any CPU.ActiveCfg = Debug|Any CPU
		{E2DC622E-D743-432E-B499-28AF5B9DF0E9}.Debug|Any CPU.Build.0 = Debug|Any CPU
		{E2DC622E-D743-432E-B499-28AF5B9DF0E9}.Release|Any CPU.ActiveCfg = Release|Any CPU
		{E2DC622E-D743-432E-B499-28AF5B9DF0E9}.Release|Any CPU.Build.0 = Release|Any CPU
		{A14C3372-6802-4C3D-B907-27A47A07D4AF}.Debug|Any CPU.ActiveCfg = Debug|Any CPU
		{A14C3372-6802-4C3D-B907-27A47A07D4AF}.Debug|Any CPU.Build.0 = Debug|Any CPU
		{A14C3372-6802-4C3D-B907-27A47A07D4AF}.Release|Any CPU.ActiveCfg = Release|Any CPU
		{A14C3372-6802-4C3D-B907-27A47A07D4AF}.Release|Any CPU.Build.0 = Release|Any CPU
		{30445A71-E3F4-4701-8EAD-9E24DEFA68E3}.Debug|Any CPU.ActiveCfg = Debug|Any CPU
		{30445A71-E3F4-4701-8EAD-9E24DEFA68E3}.Debug|Any CPU.Build.0 = Debug|Any CPU
		{30445A71-E3F4-4701-8EAD-9E24DEFA68E3}.Release|Any CPU.ActiveCfg = Release|Any CPU
		{30445A71-E3F4-4701-8EAD-9E24DEFA68E3}.Release|Any CPU.Build.0 = Release|Any CPU
	EndGlobalSection
	GlobalSection(SolutionProperties) = preSolution
		HideSolutionNode = FALSE
	EndGlobalSection
EndGlobal
